
Microsoft Visual Studio Solution File, Format Version 12.00
# Visual Studio Version 16
VisualStudioVersion = 16.0.30320.27
MinimumVisualStudioVersion = 10.0.40219.1
Project("{FAE04EC0-301F-11D3-BF4B-00C04F79EFBC}") = "API_QLquanCafe", "API_QLquanCafe\API_QLquanCafe.csproj", "{6A288D46-8EDF-474E-97B3-268A7AFDCF1C}"
EndProject
Global
	GlobalSection(SolutionConfigurationPlatforms) = preSolution
		Debug|Any CPU = Debug|Any CPU
		Release|Any CPU = Release|Any CPU
	EndGlobalSection
	GlobalSection(ProjectConfigurationPlatforms) = postSolution
		{6A288D46-8EDF-474E-97B3-268A7AFDCF1C}.Debug|Any CPU.ActiveCfg = Debug|Any CPU
		{6A288D46-8EDF-474E-97B3-268A7AFDCF1C}.Debug|Any CPU.Build.0 = Debug|Any CPU
		{6A288D46-8EDF-474E-97B3-268A7AFDCF1C}.Release|Any CPU.ActiveCfg = Release|Any CPU
		{6A288D46-8EDF-474E-97B3-268A7AFDCF1C}.Release|Any CPU.Build.0 = Release|Any CPU
	EndGlobalSection
	GlobalSection(SolutionProperties) = preSolution
		HideSolutionNode = FALSE
	EndGlobalSection
	GlobalSection(ExtensibilityGlobals) = postSolution
		SolutionGuid = {42A7EE22-4D56-4E43-83A3-E4516DBD08D4}
	EndGlobalSection
EndGlobal
